
Microsoft Visual Studio Solution File, Format Version 12.00
# Visual Studio Version 17
VisualStudioVersion = 17.9.34714.143
MinimumVisualStudioVersion = 10.0.40219.1
Project("{FAE04EC0-301F-11D3-BF4B-00C04F79EFBC}") = "ProyectoGraph", "ProyectoGraph\ProyectoGraph.csproj", "{A8C8A762-FE25-45D9-9873-FDE9E4BD6492}"
EndProject
Global
	GlobalSection(SolutionConfigurationPlatforms) = preSolution
		Debug|Any CPU = Debug|Any CPU
		Release|Any CPU = Release|Any CPU
	EndGlobalSection
	GlobalSection(ProjectConfigurationPlatforms) = postSolution
		{A8C8A762-FE25-45D9-9873-FDE9E4BD6492}.Debug|Any CPU.ActiveCfg = Debug|Any CPU
		{A8C8A762-FE25-45D9-9873-FDE9E4BD6492}.Debug|Any CPU.Build.0 = Debug|Any CPU
		{A8C8A762-FE25-45D9-9873-FDE9E4BD6492}.Release|Any CPU.ActiveCfg = Release|Any CPU
		{A8C8A762-FE25-45D9-9873-FDE9E4BD6492}.Release|Any CPU.Build.0 = Release|Any CPU
	EndGlobalSection
	GlobalSection(SolutionProperties) = preSolution
		HideSolutionNode = FALSE
	EndGlobalSection
	GlobalSection(ExtensibilityGlobals) = postSolution
		SolutionGuid = {786AAF12-14DC-4C22-857F-EE612037A4B4}
	EndGlobalSection
EndGlobal
